
Microsoft Visual Studio Solution File, Format Version 12.00
# Visual Studio Version 17
VisualStudioVersion = 17.6.33829.357
MinimumVisualStudioVersion = 10.0.40219.1
Project("{9A19103F-16F7-4668-BE54-9A1E7A4F7556}") = "IzmirBel.Survey", "IzmirBel.Survey\IzmirBel.Survey.csproj", "{9720C8F9-3956-4FE7-99C9-742D1D9967DA}"
EndProject
Global
	GlobalSection(SolutionConfigurationPlatforms) = preSolution
		Debug|Any CPU = Debug|Any CPU
		Release|Any CPU = Release|Any CPU
	EndGlobalSection
	GlobalSection(ProjectConfigurationPlatforms) = postSolution
		{9720C8F9-3956-4FE7-99C9-742D1D9967DA}.Debug|Any CPU.ActiveCfg = Debug|Any CPU
		{9720C8F9-3956-4FE7-99C9-742D1D9967DA}.Debug|Any CPU.Build.0 = Debug|Any CPU
		{9720C8F9-3956-4FE7-99C9-742D1D9967DA}.Release|Any CPU.ActiveCfg = Release|Any CPU
		{9720C8F9-3956-4FE7-99C9-742D1D9967DA}.Release|Any CPU.Build.0 = Release|Any CPU
	EndGlobalSection
	GlobalSection(SolutionProperties) = preSolution
		HideSolutionNode = FALSE
	EndGlobalSection
	GlobalSection(ExtensibilityGlobals) = postSolution
		SolutionGuid = {98349301-E169-4539-9420-13F6EF0992D0}
	EndGlobalSection
EndGlobal
